
Microsoft Visual Studio Solution File, Format Version 12.00
# Visual Studio Version 16
VisualStudioVersion = 16.0.29209.62
MinimumVisualStudioVersion = 10.0.40219.1
Project("{FAE04EC0-301F-11D3-BF4B-00C04F79EFBC}") = "XamarinPlayground.Android", "XamarinPlayground\XamarinPlayground.Android\XamarinPlayground.Android.csproj", "{5D1AF435-6A4F-4DDD-B3A8-1C4BEFEA7B6F}"
EndProject
Project("{FAE04EC0-301F-11D3-BF4B-00C04F79EFBC}") = "XamarinPlayground.iOS", "XamarinPlayground\XamarinPlayground.iOS\XamarinPlayground.iOS.csproj", "{3C89D4C5-5B59-4674-8062-8C9D5D34B905}"
EndProject
Project("{FAE04EC0-301F-11D3-BF4B-00C04F79EFBC}") = "XamarinPlayground", "XamarinPlayground\XamarinPlayground\XamarinPlayground.csproj", "{24502960-FB06-4316-9A4C-4A58EF0C5741}"
EndProject
Global
	GlobalSection(SolutionConfigurationPlatforms) = preSolution
		Debug|Any CPU = Debug|Any CPU
		Debug|iPhone = Debug|iPhone
		Debug|iPhoneSimulator = Debug|iPhoneSimulator
		Release|Any CPU = Release|Any CPU
		Release|iPhone = Release|iPhone
		Release|iPhoneSimulator = Release|iPhoneSimulator
	EndGlobalSection
	GlobalSection(ProjectConfigurationPlatforms) = postSolution
		{5D1AF435-6A4F-4DDD-B3A8-1C4BEFEA7B6F}.Debug|Any CPU.ActiveCfg = Debug|Any CPU
		{5D1AF435-6A4F-4DDD-B3A8-1C4BEFEA7B6F}.Debug|Any CPU.Build.0 = Debug|Any CPU
		{5D1AF435-6A4F-4DDD-B3A8-1C4BEFEA7B6F}.Debug|Any CPU.Deploy.0 = Debug|Any CPU
		{5D1AF435-6A4F-4DDD-B3A8-1C4BEFEA7B6F}.Debug|iPhone.ActiveCfg = Debug|Any CPU
		{5D1AF435-6A4F-4DDD-B3A8-1C4BEFEA7B6F}.Debug|iPhone.Build.0 = Debug|Any CPU
		{5D1AF435-6A4F-4DDD-B3A8-1C4BEFEA7B6F}.Debug|iPhone.Deploy.0 = Debug|Any CPU
		{5D1AF435-6A4F-4DDD-B3A8-1C4BEFEA7B6F}.Debug|iPhoneSimulator.ActiveCfg = Debug|Any CPU
		{5D1AF435-6A4F-4DDD-B3A8-1C4BEFEA7B6F}.Debug|iPhoneSimulator.Build.0 = Debug|Any CPU
		{5D1AF435-6A4F-4DDD-B3A8-1C4BEFEA7B6F}.Debug|iPhoneSimulator.Deploy.0 = Debug|Any CPU
		{5D1AF435-6A4F-4DDD-B3A8-1C4BEFEA7B6F}.Release|Any CPU.ActiveCfg = Release|Any CPU
		{5D1AF435-6A4F-4DDD-B3A8-1C4BEFEA7B6F}.Release|Any CPU.Build.0 = Release|Any CPU
		{5D1AF435-6A4F-4DDD-B3A8-1C4BEFEA7B6F}.Release|Any CPU.Deploy.0 = Release|Any CPU
		{5D1AF435-6A4F-4DDD-B3A8-1C4BEFEA7B6F}.Release|iPhone.ActiveCfg = Release|Any CPU
		{5D1AF435-6A4F-4DDD-B3A8-1C4BEFEA7B6F}.Release|iPhone.Build.0 = Release|Any CPU
		{5D1AF435-6A4F-4DDD-B3A8-1C4BEFEA7B6F}.Release|iPhone.Deploy.0 = Release|Any CPU
		{5D1AF435-6A4F-4DDD-B3A8-1C4BEFEA7B6F}.Release|iPhoneSimulator.ActiveCfg = Release|Any CPU
		{5D1AF435-6A4F-4DDD-B3A8-1C4BEFEA7B6F}.Release|iPhoneSimulator.Build.0 = Release|Any CPU
		{5D1AF435-6A4F-4DDD-B3A8-1C4BEFEA7B6F}.Release|iPhoneSimulator.Deploy.0 = Release|Any CPU
		{3C89D4C5-5B59-4674-8062-8C9D5D34B905}.Debug|Any CPU.ActiveCfg = Debug|iPhoneSimulator
		{3C89D4C5-5B59-4674-8062-8C9D5D34B905}.Debug|Any CPU.Build.0 = Debug|iPhoneSimulator
		{3C89D4C5-5B59-4674-8062-8C9D5D34B905}.Debug|Any CPU.Deploy.0 = Debug|iPhoneSimulator
		{3C89D4C5-5B59-4674-8062-8C9D5D34B905}.Debug|iPhone.ActiveCfg = Debug|iPhone
		{3C89D4C5-5B59-4674-8062-8C9D5D34B905}.Debug|iPhone.Build.0 = Debug|iPhone
		{3C89D4C5-5B59-4674-8062-8C9D5D34B905}.Debug|iPhone.Deploy.0 = Debug|iPhone
		{3C89D4C5-5B59-4674-8062-8C9D5D34B905}.Debug|iPhoneSimulator.ActiveCfg = Debug|iPhoneSimulator
		{3C89D4C5-5B59-4674-8062-8C9D5D34B905}.Debug|iPhoneSimulator.Build.0 = Debug|iPhoneSimulator
		{3C89D4C5-5B59-4674-8062-8C9D5D34B905}.Debug|iPhoneSimulator.Deploy.0 = Debug|iPhoneSimulator
		{3C89D4C5-5B59-4674-8062-8C9D5D34B905}.Release|Any CPU.ActiveCfg = Release|iPhone
		{3C89D4C5-5B59-4674-8062-8C9D5D34B905}.Release|Any CPU.Build.0 = Release|iPhone
		{3C89D4C5-5B59-4674-8062-8C9D5D34B905}.Release|Any CPU.Deploy.0 = Release|iPhone
		{3C89D4C5-5B59-4674-8062-8C9D5D34B905}.Release|iPhone.ActiveCfg = Release|iPhone
		{3C89D4C5-5B59-4674-8062-8C9D5D34B905}.Release|iPhone.Build.0 = Release|iPhone
		{3C89D4C5-5B59-4674-8062-8C9D5D34B905}.Release|iPhone.Deploy.0 = Release|iPhone
		{3C89D4C5-5B59-4674-8062-8C9D5D34B905}.Release|iPhoneSimulator.ActiveCfg = Release|iPhoneSimulator
		{3C89D4C5-5B59-4674-8062-8C9D5D34B905}.Release|iPhoneSimulator.Build.0 = Release|iPhoneSimulator
		{3C89D4C5-5B59-4674-8062-8C9D5D34B905}.Release|iPhoneSimulator.Deploy.0 = Release|iPhoneSimulator
		{24502960-FB06-4316-9A4C-4A58EF0C5741}.Debug|Any CPU.ActiveCfg = Debug|Any CPU
		{24502960-FB06-4316-9A4C-4A58EF0C5741}.Debug|Any CPU.Build.0 = Debug|Any CPU
		{24502960-FB06-4316-9A4C-4A58EF0C5741}.Debug|Any CPU.Deploy.0 = Debug|Any CPU
		{24502960-FB06-4316-9A4C-4A58EF0C5741}.Debug|iPhone.ActiveCfg = Debug|Any CPU
		{24502960-FB06-4316-9A4C-4A58EF0C5741}.Debug|iPhone.Build.0 = Debug|Any CPU
		{24502960-FB06-4316-9A4C-4A58EF0C5741}.Debug|iPhone.Deploy.0 = Debug|Any CPU
		{24502960-FB06-4316-9A4C-4A58EF0C5741}.Debug|iPhoneSimulator.ActiveCfg = Debug|Any CPU
		{24502960-FB06-4316-9A4C-4A58EF0C5741}.Debug|iPhoneSimulator.Build.0 = Debug|Any CPU
		{24502960-FB06-4316-9A4C-4A58EF0C5741}.Debug|iPhoneSimulator.Deploy.0 = Debug|Any CPU
		{24502960-FB06-4316-9A4C-4A58EF0C5741}.Release|Any CPU.ActiveCfg = Release|Any CPU
		{24502960-FB06-4316-9A4C-4A58EF0C5741}.Release|Any CPU.Build.0 = Release|Any CPU
		{24502960-FB06-4316-9A4C-4A58EF0C5741}.Release|Any CPU.Deploy.0 = Release|Any CPU
		{24502960-FB06-4316-9A4C-4A58EF0C5741}.Release|iPhone.ActiveCfg = Release|Any CPU
		{24502960-FB06-4316-9A4C-4A58EF0C5741}.Release|iPhone.Build.0 = Release|Any CPU
		{24502960-FB06-4316-9A4C-4A58EF0C5741}.Release|iPhone.Deploy.0 = Release|Any CPU
		{24502960-FB06-4316-9A4C-4A58EF0C5741}.Release|iPhoneSimulator.ActiveCfg = Release|Any CPU
		{24502960-FB06-4316-9A4C-4A58EF0C5741}.Release|iPhoneSimulator.Build.0 = Release|Any CPU
		{24502960-FB06-4316-9A4C-4A58EF0C5741}.Release|iPhoneSimulator.Deploy.0 = Release|Any CPU
	EndGlobalSection
	GlobalSection(SolutionProperties) = preSolution
		HideSolutionNode = FALSE
	EndGlobalSection
	GlobalSection(ExtensibilityGlobals) = postSolution
		SolutionGuid = {7E148C65-7109-44F1-8B2D-821ED7BEF76A}
	EndGlobalSection
EndGlobal
